{
  "name": "emit-json-file-webpack-plugin",
  "version": "0.1.0",
  "lockfileVersion": 1,
  "requires": true,
  "dependencies": {
    "json-format": {
      "version": "1.0.1",
      "resolved": "https://registry.npmjs.org/json-format/-/json-format-1.0.1.tgz",
      "integrity": "sha1-FD9n5irxKda//tKIpGJl6iPQ3ww=",
      "dev": true
    }
  }
}
